{
  "originHash" : "b1e5a56fe2afe77809da842cae89e81092cb034b9642d97fca84f5a639bd0c2c",
  "pins" : [
    {
      "identity" : "nuke",
      "kind" : "remoteSourceControl",
      "location" : "https://github.com/kean/Nuke.git",
      "state" : {
        "revision" : "30f7a7e72e0607d304fbf69c799474bd5fb6d1ce",
        "version" : "13.2.0"
      }
    },
    {
      "identity" : "signalr-client-swift",
      "kind" : "remoteSourceControl",
      "location" : "https://github.com/dotnet/signalr-client-swift",
      "state" : {
        "revision" : "1a27323e478ad75dc8383a11f0c5d5cce62afc6e",
        "version" : "1.0.0"
      }
    }
  ],
  "version" : 3
}
